{
  "name": "social4musicians",
  "version": "1.0.0",
  "lockfileVersion": 3,
  "requires": true,
  "packages": {
    "": {
      "name": "social4musicians",
      "version": "1.0.0",
      "license": "ISC",
      "dependencies": {
        "@prisma/client": "^5.9.1"
      }
    },
    "node_modules/@prisma/client": {
      "version": "5.9.1",
      "resolved": "https://registry.npmjs.org/@prisma/client/-/client-5.9.1.tgz",
      "integrity": "sha512-caSOnG4kxcSkhqC/2ShV7rEoWwd3XrftokxJqOCMVvia4NYV/TPtJlS9C2os3Igxw/Qyxumj9GBQzcStzECvtQ==",
      "hasInstallScript": true,
      "engines": {
        "node": ">=16.13"
      },
      "peerDependencies": {
        "prisma": "*"
      },
      "peerDependenciesMeta": {
        "prisma": {
          "optional": true
        }
      }
    }
  }
}
